
Microsoft Visual Studio Solution File, Format Version 12.00
# Visual Studio Version 16
VisualStudioVersion = 16.0.30413.136
MinimumVisualStudioVersion = 10.0.40219.1
Project("{FAE04EC0-301F-11D3-BF4B-00C04F79EFBC}") = "ProductManagement", "ProductManagement\ProductManagement.csproj", "{2DCA56C9-5799-47E5-8512-D88083FE5D70}"
EndProject
Project("{FAE04EC0-301F-11D3-BF4B-00C04F79EFBC}") = "ProductPromotionsHandler", "ProductPromotionsHandler\ProductPromotionsHandler.csproj", "{AB6F5199-CF03-4FAA-A5C8-C2E78C456C78}"
EndProject
Project("{FAE04EC0-301F-11D3-BF4B-00C04F79EFBC}") = "ProductPromotionEngine", "ProductPromotionEngine\ProductPromotionEngine.csproj", "{9CC37958-CD12-43A1-A911-E90D87A156F5}"
EndProject
Project("{FAE04EC0-301F-11D3-BF4B-00C04F79EFBC}") = "ProductPromotionEngine.Test", "ProductPromotionEngine.Test\ProductPromotionEngine.Test.csproj", "{CECC81CF-B3DA-478D-AE79-AEE432C8C2C4}"
EndProject
Global
	GlobalSection(SolutionConfigurationPlatforms) = preSolution
		Debug|Any CPU = Debug|Any CPU
		Release|Any CPU = Release|Any CPU
	EndGlobalSection
	GlobalSection(ProjectConfigurationPlatforms) = postSolution
		{2DCA56C9-5799-47E5-8512-D88083FE5D70}.Debug|Any CPU.ActiveCfg = Debug|Any CPU
		{2DCA56C9-5799-47E5-8512-D88083FE5D70}.Debug|Any CPU.Build.0 = Debug|Any CPU
		{2DCA56C9-5799-47E5-8512-D88083FE5D70}.Release|Any CPU.ActiveCfg = Release|Any CPU
		{2DCA56C9-5799-47E5-8512-D88083FE5D70}.Release|Any CPU.Build.0 = Release|Any CPU
		{AB6F5199-CF03-4FAA-A5C8-C2E78C456C78}.Debug|Any CPU.ActiveCfg = Debug|Any CPU
		{AB6F5199-CF03-4FAA-A5C8-C2E78C456C78}.Debug|Any CPU.Build.0 = Debug|Any CPU
		{AB6F5199-CF03-4FAA-A5C8-C2E78C456C78}.Release|Any CPU.ActiveCfg = Release|Any CPU
		{AB6F5199-CF03-4FAA-A5C8-C2E78C456C78}.Release|Any CPU.Build.0 = Release|Any CPU
		{9CC37958-CD12-43A1-A911-E90D87A156F5}.Debug|Any CPU.ActiveCfg = Debug|Any CPU
		{9CC37958-CD12-43A1-A911-E90D87A156F5}.Debug|Any CPU.Build.0 = Debug|Any CPU
		{9CC37958-CD12-43A1-A911-E90D87A156F5}.Release|Any CPU.ActiveCfg = Release|Any CPU
		{9CC37958-CD12-43A1-A911-E90D87A156F5}.Release|Any CPU.Build.0 = Release|Any CPU
		{CECC81CF-B3DA-478D-AE79-AEE432C8C2C4}.Debug|Any CPU.ActiveCfg = Debug|Any CPU
		{CECC81CF-B3DA-478D-AE79-AEE432C8C2C4}.Debug|Any CPU.Build.0 = Debug|Any CPU
		{CECC81CF-B3DA-478D-AE79-AEE432C8C2C4}.Release|Any CPU.ActiveCfg = Release|Any CPU
		{CECC81CF-B3DA-478D-AE79-AEE432C8C2C4}.Release|Any CPU.Build.0 = Release|Any CPU
	EndGlobalSection
	GlobalSection(SolutionProperties) = preSolution
		HideSolutionNode = FALSE
	EndGlobalSection
	GlobalSection(ExtensibilityGlobals) = postSolution
		SolutionGuid = {199697B3-D974-45EC-8252-6ECA79EC3031}
	EndGlobalSection
EndGlobal
